
Microsoft Visual Studio Solution File, Format Version 12.00
# Visual Studio Version 16
VisualStudioVersion = 16.0.30523.141
MinimumVisualStudioVersion = 10.0.40219.1
Project("{9A19103F-16F7-4668-BE54-9A1E7A4F7556}") = "BlazorMovies.Server", "BlazorMovies\Server\BlazorMovies.Server.csproj", "{CF5E03EB-46FC-4EED-B680-35421536DAFD}"
EndProject
Project("{9A19103F-16F7-4668-BE54-9A1E7A4F7556}") = "BlazorMovies.Client", "BlazorMovies\Client\BlazorMovies.Client.csproj", "{304FF118-EE26-43C8-9279-17F7A027DA16}"
EndProject
Project("{9A19103F-16F7-4668-BE54-9A1E7A4F7556}") = "BlazorMovies.Shared", "BlazorMovies\Shared\BlazorMovies.Shared.csproj", "{F67C0969-50E5-4CBE-9F20-1A7AB5DFA843}"
EndProject
Global
	GlobalSection(SolutionConfigurationPlatforms) = preSolution
		Debug|Any CPU = Debug|Any CPU
		Release|Any CPU = Release|Any CPU
	EndGlobalSection
	GlobalSection(ProjectConfigurationPlatforms) = postSolution
		{CF5E03EB-46FC-4EED-B680-35421536DAFD}.Debug|Any CPU.ActiveCfg = Debug|Any CPU
		{CF5E03EB-46FC-4EED-B680-35421536DAFD}.Debug|Any CPU.Build.0 = Debug|Any CPU
		{CF5E03EB-46FC-4EED-B680-35421536DAFD}.Release|Any CPU.ActiveCfg = Release|Any CPU
		{CF5E03EB-46FC-4EED-B680-35421536DAFD}.Release|Any CPU.Build.0 = Release|Any CPU
		{304FF118-EE26-43C8-9279-17F7A027DA16}.Debug|Any CPU.ActiveCfg = Debug|Any CPU
		{304FF118-EE26-43C8-9279-17F7A027DA16}.Debug|Any CPU.Build.0 = Debug|Any CPU
		{304FF118-EE26-43C8-9279-17F7A027DA16}.Release|Any CPU.ActiveCfg = Release|Any CPU
		{304FF118-EE26-43C8-9279-17F7A027DA16}.Release|Any CPU.Build.0 = Release|Any CPU
		{F67C0969-50E5-4CBE-9F20-1A7AB5DFA843}.Debug|Any CPU.ActiveCfg = Debug|Any CPU
		{F67C0969-50E5-4CBE-9F20-1A7AB5DFA843}.Debug|Any CPU.Build.0 = Debug|Any CPU
		{F67C0969-50E5-4CBE-9F20-1A7AB5DFA843}.Release|Any CPU.ActiveCfg = Release|Any CPU
		{F67C0969-50E5-4CBE-9F20-1A7AB5DFA843}.Release|Any CPU.Build.0 = Release|Any CPU
	EndGlobalSection
	GlobalSection(SolutionProperties) = preSolution
		HideSolutionNode = FALSE
	EndGlobalSection
	GlobalSection(ExtensibilityGlobals) = postSolution
		SolutionGuid = {4678CA23-430F-4F73-AEC1-AD1E4B5C3B21}
	EndGlobalSection
EndGlobal
